
Microsoft Visual Studio Solution File, Format Version 12.00
# Visual Studio Version 17
VisualStudioVersion = 17.5.33414.496
MinimumVisualStudioVersion = 10.0.40219.1
Project("{9A19103F-16F7-4668-BE54-9A1E7A4F7556}") = "CalCoreLab", "CalCoreLab\CalCoreLab.csproj", "{A6235F63-3191-4559-8DBB-490D122F8765}"
EndProject
Project("{9A19103F-16F7-4668-BE54-9A1E7A4F7556}") = "CalCore", "..\Calculator_Core\CalCore\CalCore.csproj", "{3513B5E1-8140-479D-AE9C-3B7FA94EC4FC}"
EndProject
Project("{FAE04EC0-301F-11D3-BF4B-00C04F79EFBC}") = "CalCoreConsole", "CalCoreConsole\CalCoreConsole.csproj", "{681DA263-3E90-409B-B74E-032F6A051814}"
EndProject
Global
	GlobalSection(SolutionConfigurationPlatforms) = preSolution
		Debug|Any CPU = Debug|Any CPU
		Release|Any CPU = Release|Any CPU
	EndGlobalSection
	GlobalSection(ProjectConfigurationPlatforms) = postSolution
		{A6235F63-3191-4559-8DBB-490D122F8765}.Debug|Any CPU.ActiveCfg = Debug|Any CPU
		{A6235F63-3191-4559-8DBB-490D122F8765}.Debug|Any CPU.Build.0 = Debug|Any CPU
		{A6235F63-3191-4559-8DBB-490D122F8765}.Release|Any CPU.ActiveCfg = Release|Any CPU
		{A6235F63-3191-4559-8DBB-490D122F8765}.Release|Any CPU.Build.0 = Release|Any CPU
		{3513B5E1-8140-479D-AE9C-3B7FA94EC4FC}.Debug|Any CPU.ActiveCfg = Debug|Any CPU
		{3513B5E1-8140-479D-AE9C-3B7FA94EC4FC}.Debug|Any CPU.Build.0 = Debug|Any CPU
		{3513B5E1-8140-479D-AE9C-3B7FA94EC4FC}.Release|Any CPU.ActiveCfg = Release|Any CPU
		{3513B5E1-8140-479D-AE9C-3B7FA94EC4FC}.Release|Any CPU.Build.0 = Release|Any CPU
		{681DA263-3E90-409B-B74E-032F6A051814}.Debug|Any CPU.ActiveCfg = Debug|Any CPU
		{681DA263-3E90-409B-B74E-032F6A051814}.Debug|Any CPU.Build.0 = Debug|Any CPU
		{681DA263-3E90-409B-B74E-032F6A051814}.Release|Any CPU.ActiveCfg = Release|Any CPU
		{681DA263-3E90-409B-B74E-032F6A051814}.Release|Any CPU.Build.0 = Release|Any CPU
	EndGlobalSection
	GlobalSection(SolutionProperties) = preSolution
		HideSolutionNode = FALSE
	EndGlobalSection
	GlobalSection(ExtensibilityGlobals) = postSolution
		SolutionGuid = {BD53C003-FC3A-4F0C-B2AD-4AE7CDBF32A6}
	EndGlobalSection
EndGlobal
